
Microsoft Visual Studio Solution File, Format Version 12.00
# Visual Studio Version 16
VisualStudioVersion = 16.0.29409.12
MinimumVisualStudioVersion = 10.0.40219.1
Project("{FAE04EC0-301F-11D3-BF4B-00C04F79EFBC}") = "Grades", "Grades\Grades.csproj", "{A014CBE1-7187-41DD-B4A5-EE24CED5ADAF}"
EndProject
Global
	GlobalSection(SolutionConfigurationPlatforms) = preSolution
		Debug|Any CPU = Debug|Any CPU
		Debug|x64 = Debug|x64
		Release|Any CPU = Release|Any CPU
		Release|x64 = Release|x64
	EndGlobalSection
	GlobalSection(ProjectConfigurationPlatforms) = postSolution
		{A014CBE1-7187-41DD-B4A5-EE24CED5ADAF}.Debug|Any CPU.ActiveCfg = Debug|Any CPU
		{A014CBE1-7187-41DD-B4A5-EE24CED5ADAF}.Debug|Any CPU.Build.0 = Debug|Any CPU
		{A014CBE1-7187-41DD-B4A5-EE24CED5ADAF}.Debug|x64.ActiveCfg = Debug|x64
		{A014CBE1-7187-41DD-B4A5-EE24CED5ADAF}.Debug|x64.Build.0 = Debug|x64
		{A014CBE1-7187-41DD-B4A5-EE24CED5ADAF}.Release|Any CPU.ActiveCfg = Release|Any CPU
		{A014CBE1-7187-41DD-B4A5-EE24CED5ADAF}.Release|Any CPU.Build.0 = Release|Any CPU
		{A014CBE1-7187-41DD-B4A5-EE24CED5ADAF}.Release|x64.ActiveCfg = Release|x64
		{A014CBE1-7187-41DD-B4A5-EE24CED5ADAF}.Release|x64.Build.0 = Release|x64
	EndGlobalSection
	GlobalSection(SolutionProperties) = preSolution
		HideSolutionNode = FALSE
	EndGlobalSection
	GlobalSection(ExtensibilityGlobals) = postSolution
		SolutionGuid = {56460E1E-4A39-4500-A747-D346982BB9F4}
	EndGlobalSection
EndGlobal
